
Microsoft Visual Studio Solution File, Format Version 12.00
# Visual Studio Version 16
VisualStudioVersion = 16.0.31321.278
MinimumVisualStudioVersion = 10.0.40219.1
Project("{FAE04EC0-301F-11D3-BF4B-00C04F79EFBC}") = "CTApiService", "CTApiService\CTApiService.csproj", "{FD2B7122-6C27-4760-9010-A0FFAF485256}"
EndProject
Project("{FAE04EC0-301F-11D3-BF4B-00C04F79EFBC}") = "CtApi", "CtApi\CtApi.csproj", "{9C940907-C1E4-46DD-BEE4-798CDB6EFACF}"
EndProject
Project("{FAE04EC0-301F-11D3-BF4B-00C04F79EFBC}") = "CtApi cBot", "CtApi cBot\CtApi cBot.csproj", "{B22292F0-897F-4949-9F95-963FE774F173}"
EndProject
Global
	GlobalSection(SolutionConfigurationPlatforms) = preSolution
		Debug|Any CPU = Debug|Any CPU
		Release|Any CPU = Release|Any CPU
	EndGlobalSection
	GlobalSection(ProjectConfigurationPlatforms) = postSolution
		{FD2B7122-6C27-4760-9010-A0FFAF485256}.Debug|Any CPU.ActiveCfg = Debug|Any CPU
		{FD2B7122-6C27-4760-9010-A0FFAF485256}.Debug|Any CPU.Build.0 = Debug|Any CPU
		{FD2B7122-6C27-4760-9010-A0FFAF485256}.Release|Any CPU.ActiveCfg = Release|Any CPU
		{FD2B7122-6C27-4760-9010-A0FFAF485256}.Release|Any CPU.Build.0 = Release|Any CPU
		{9C940907-C1E4-46DD-BEE4-798CDB6EFACF}.Debug|Any CPU.ActiveCfg = Debug|Any CPU
		{9C940907-C1E4-46DD-BEE4-798CDB6EFACF}.Debug|Any CPU.Build.0 = Debug|Any CPU
		{9C940907-C1E4-46DD-BEE4-798CDB6EFACF}.Release|Any CPU.ActiveCfg = Release|Any CPU
		{9C940907-C1E4-46DD-BEE4-798CDB6EFACF}.Release|Any CPU.Build.0 = Release|Any CPU
		{B22292F0-897F-4949-9F95-963FE774F173}.Debug|Any CPU.ActiveCfg = Debug|Any CPU
		{B22292F0-897F-4949-9F95-963FE774F173}.Debug|Any CPU.Build.0 = Debug|Any CPU
		{B22292F0-897F-4949-9F95-963FE774F173}.Release|Any CPU.ActiveCfg = Release|Any CPU
		{B22292F0-897F-4949-9F95-963FE774F173}.Release|Any CPU.Build.0 = Release|Any CPU
	EndGlobalSection
	GlobalSection(SolutionProperties) = preSolution
		HideSolutionNode = FALSE
	EndGlobalSection
	GlobalSection(ExtensibilityGlobals) = postSolution
		SolutionGuid = {5746A87E-35FE-4953-A740-E50FCE8B2249}
	EndGlobalSection
EndGlobal
